
Microsoft Visual Studio Solution File, Format Version 12.00
# Visual Studio for Mac
Project("{FAE04EC0-301F-11D3-BF4B-00C04F79EFBC}") = "arkanoid", "arkanoid.csproj", "{D6DD328E-A39B-6613-4929-9AE804291D8C}"
EndProject
Global
	GlobalSection(SolutionConfigurationPlatforms) = preSolution
		Debug|Any CPU = Debug|Any CPU
		Release|Any CPU = Release|Any CPU
	EndGlobalSection
	GlobalSection(ProjectConfigurationPlatforms) = postSolution
		{D6DD328E-A39B-6613-4929-9AE804291D8C}.Debug|Any CPU.ActiveCfg = Debug|Any CPU
		{D6DD328E-A39B-6613-4929-9AE804291D8C}.Debug|Any CPU.Build.0 = Debug|Any CPU
		{D6DD328E-A39B-6613-4929-9AE804291D8C}.Release|Any CPU.ActiveCfg = Release|Any CPU
		{D6DD328E-A39B-6613-4929-9AE804291D8C}.Release|Any CPU.Build.0 = Release|Any CPU
	EndGlobalSection
	GlobalSection(SolutionProperties) = preSolution
		HideSolutionNode = FALSE
	EndGlobalSection
EndGlobal
